// !$*UTF8*$!
{
	archiveVersion = 1;
	classes = {
	};
	objectVersion = 52;
	objects = {

/* Begin PBXBuildFile section */
		0E1902CF24ED382E00B59A32 /* OrderCancelNoticeCell.swift in Sources */ = {isa = PBXBuildFile; fileRef = 0E1902CE24ED382E00B59A32 /* OrderCancelNoticeCell.swift */; };
		0E2C835B24EE466C004C5568 /* ExchangeAndReturnCell.swift in Sources */ = {isa = PBXBuildFile; fileRef = 0E2C835A24EE466C004C5568 /* ExchangeAndReturnCell.swift */; };
		0E2C835D24EE8EC5004C5568 /* ProductErrorView.swift in Sources */ = {isa = PBXBuildFile; fileRef = 0E2C835C24EE8EC5004C5568 /* ProductErrorView.swift */; };
		0E2C835F24EE9FAA004C5568 /* ChangeMindOrderErrorView.swift in Sources */ = {isa = PBXBuildFile; fileRef = 0E2C835E24EE9FAA004C5568 /* ChangeMindOrderErrorView.swift */; };
		0E2C836124EEA8C6004C5568 /* NotChangeAndReturnView.swift in Sources */ = {isa = PBXBuildFile; fileRef = 0E2C836024EEA8C6004C5568 /* NotChangeAndReturnView.swift */; };
		0E966DF224ED7AD500869F83 /* CancelMoreNoticeView.swift in Sources */ = {isa = PBXBuildFile; fileRef = 0E966DF124ED7AD500869F83 /* CancelMoreNoticeView.swift */; };
		0EB631E524EDA46A006AA976 /* DetailOrderView.swift in Sources */ = {isa = PBXBuildFile; fileRef = 0EB631E424EDA46A006AA976 /* DetailOrderView.swift */; };
		0EB631E724EDAE60006AA976 /* MoreButtonCell.swift in Sources */ = {isa = PBXBuildFile; fileRef = 0EB631E624EDAE60006AA976 /* MoreButtonCell.swift */; };
		42C69B5C24EE606700A18B4C /* IncorrectInputWarningView.swift in Sources */ = {isa = PBXBuildFile; fileRef = 42C69B5B24EE606700A18B4C /* IncorrectInputWarningView.swift */; };
		42C69B5E24EE6D6800A18B4C /* SignError.swift in Sources */ = {isa = PBXBuildFile; fileRef = 42C69B5D24EE6D6800A18B4C /* SignError.swift */; };
		42C69B6024EEC52200A18B4C /* Agreement.swift in Sources */ = {isa = PBXBuildFile; fileRef = 42C69B5F24EEC52200A18B4C /* Agreement.swift */; };
		42C69B6324EEC84400A18B4C /* AgreementView.swift in Sources */ = {isa = PBXBuildFile; fileRef = 42C69B6224EEC84400A18B4C /* AgreementView.swift */; };
		42C69B6524EEC8D000A18B4C /* AgreementTableViewCell.swift in Sources */ = {isa = PBXBuildFile; fileRef = 42C69B6424EEC8D000A18B4C /* AgreementTableViewCell.swift */; };
		42C69B6724EEC94400A18B4C /* AgreementCellType.swift in Sources */ = {isa = PBXBuildFile; fileRef = 42C69B6624EEC94400A18B4C /* AgreementCellType.swift */; };
		42C69B6924EECC1800A18B4C /* AgreementCheckMarkView.swift in Sources */ = {isa = PBXBuildFile; fileRef = 42C69B6824EECC1800A18B4C /* AgreementCheckMarkView.swift */; };
		42D867EE24EEE8AC00BBD784 /* AgreementPromotionView.swift in Sources */ = {isa = PBXBuildFile; fileRef = 42D867ED24EEE8AC00BBD784 /* AgreementPromotionView.swift */; };
		42FAF01024ED105E00063981 /* StringManager.swift in Sources */ = {isa = PBXBuildFile; fileRef = 42FAF00F24ED105E00063981 /* StringManager.swift */; };
		42FAF01224ED11A500063981 /* ImageManager.swift in Sources */ = {isa = PBXBuildFile; fileRef = 42FAF01124ED11A500063981 /* ImageManager.swift */; };
		42FAF01424ED11B800063981 /* ColorManager.swift in Sources */ = {isa = PBXBuildFile; fileRef = 42FAF01324ED11B800063981 /* ColorManager.swift */; };
		42FAF01724ED21F800063981 /* WhyKurlyView.swift in Sources */ = {isa = PBXBuildFile; fileRef = 42FAF01624ED21F800063981 /* WhyKurlyView.swift */; };
		42FAF01924ED28CB00063981 /* WhyKurlySubView.swift in Sources */ = {isa = PBXBuildFile; fileRef = 42FAF01824ED28CB00063981 /* WhyKurlySubView.swift */; };
		42FAF01B24ED296C00063981 /* TestVC.swift in Sources */ = {isa = PBXBuildFile; fileRef = 42FAF01A24ED296C00063981 /* TestVC.swift */; };
		42FAF02324ED895500063981 /* KurlyButton.swift in Sources */ = {isa = PBXBuildFile; fileRef = 42FAF02224ED895500063981 /* KurlyButton.swift */; };
		42FAF02724EE3E4B00063981 /* UserTextFieldView.swift in Sources */ = {isa = PBXBuildFile; fileRef = 42FAF02624EE3E4B00063981 /* UserTextFieldView.swift */; };
		42FAF02924EE464700063981 /* SignInVC.swift in Sources */ = {isa = PBXBuildFile; fileRef = 42FAF02824EE464700063981 /* SignInVC.swift */; };
		42FAF02B24EE465D00063981 /* SignUpVC.swift in Sources */ = {isa = PBXBuildFile; fileRef = 42FAF02A24EE465D00063981 /* SignUpVC.swift */; };
		42FAF02D24EE475B00063981 /* ForgotIDVC.swift in Sources */ = {isa = PBXBuildFile; fileRef = 42FAF02C24EE475B00063981 /* ForgotIDVC.swift */; };
		42FAF02F24EE476F00063981 /* ForgotPWVC.swift in Sources */ = {isa = PBXBuildFile; fileRef = 42FAF02E24EE476F00063981 /* ForgotPWVC.swift */; };
		42FAF03124EE519900063981 /* CustomNavigationBarView.swift in Sources */ = {isa = PBXBuildFile; fileRef = 42FAF03024EE519900063981 /* CustomNavigationBarView.swift */; };
		AF4759D324F2792600FE617A /* Product.swift in Sources */ = {isa = PBXBuildFile; fileRef = AF4759D224F2792600FE617A /* Product.swift */; };
		AF564AB224E56DEA00989F82 /* AppDelegate.swift in Sources */ = {isa = PBXBuildFile; fileRef = AF564AB124E56DEA00989F82 /* AppDelegate.swift */; };
		AF564ABB24E56DED00989F82 /* Assets.xcassets in Resources */ = {isa = PBXBuildFile; fileRef = AF564ABA24E56DED00989F82 /* Assets.xcassets */; };
		AF564ABE24E56DED00989F82 /* LaunchScreen.storyboard in Resources */ = {isa = PBXBuildFile; fileRef = AF564ABC24E56DED00989F82 /* LaunchScreen.storyboard */; };
		AF84DFA424EF9D90001F3F45 /* HomeMainImageCollectionView.swift in Sources */ = {isa = PBXBuildFile; fileRef = AF84DFA324EF9D90001F3F45 /* HomeMainImageCollectionView.swift */; };
		AF84DFA824EFBD34001F3F45 /* CurlyRecommendCell.swift in Sources */ = {isa = PBXBuildFile; fileRef = AF84DFA724EFBD34001F3F45 /* CurlyRecommendCell.swift */; };
		AF84DFAA24EFBD81001F3F45 /* ProductListCell.swift in Sources */ = {isa = PBXBuildFile; fileRef = AF84DFA924EFBD81001F3F45 /* ProductListCell.swift */; };
		AF84DFAC24EFBDE0001F3F45 /* EventListCell.swift in Sources */ = {isa = PBXBuildFile; fileRef = AF84DFAB24EFBDE0001F3F45 /* EventListCell.swift */; };
		AF8D2F0124F3A41D00AE177D /* ProductCell.swift in Sources */ = {isa = PBXBuildFile; fileRef = AF8D2F0024F3A41D00AE177D /* ProductCell.swift */; };
		AF8D2F0324F4151000AE177D /* EventCell.swift in Sources */ = {isa = PBXBuildFile; fileRef = AF8D2F0224F4151000AE177D /* EventCell.swift */; };
		AF8D2F0524F415D600AE177D /* EventProductDetailListVC.swift in Sources */ = {isa = PBXBuildFile; fileRef = AF8D2F0424F415D600AE177D /* EventProductDetailListVC.swift */; };
		AF8D2F0724F418FA00AE177D /* ProductListView.swift in Sources */ = {isa = PBXBuildFile; fileRef = AF8D2F0624F418FA00AE177D /* ProductListView.swift */; };
		AF8D2F0924F427D900AE177D /* ProductListHeaderView.swift in Sources */ = {isa = PBXBuildFile; fileRef = AF8D2F0824F427D900AE177D /* ProductListHeaderView.swift */; };
		AF91A0A124F5646000717239 /* SortListCell.swift in Sources */ = {isa = PBXBuildFile; fileRef = AF91A0A024F5646000717239 /* SortListCell.swift */; };
		AF9799A924E6A9EF0067C611 /* SnapKit in Frameworks */ = {isa = PBXBuildFile; productRef = AF9799A824E6A9EF0067C611 /* SnapKit */; };
		AF9799AC24E6AA260067C611 /* Then in Frameworks */ = {isa = PBXBuildFile; productRef = AF9799AB24E6AA260067C611 /* Then */; };
		AF9799AF24E6AAB80067C611 /* Kingfisher in Frameworks */ = {isa = PBXBuildFile; productRef = AF9799AE24E6AAB80067C611 /* Kingfisher */; };
		AF9799B524E6AC650067C611 /* Alamofire in Frameworks */ = {isa = PBXBuildFile; productRef = AF9799B424E6AC650067C611 /* Alamofire */; };
		AF9906B324EE3844005A8D89 /* CategoryMenuView.swift in Sources */ = {isa = PBXBuildFile; fileRef = AF9906B224EE3844005A8D89 /* CategoryMenuView.swift */; };
		AF9C3C5C24ECE1270055E7C5 /* MainTBC.swift in Sources */ = {isa = PBXBuildFile; fileRef = AF9C3C5B24ECE1270055E7C5 /* MainTBC.swift */; };
		AF9C3C5F24ECE2050055E7C5 /* Extensions.swift in Sources */ = {isa = PBXBuildFile; fileRef = AF9C3C5E24ECE2050055E7C5 /* Extensions.swift */; };
		AF9C3C6124ECEE850055E7C5 /* HomeVC.swift in Sources */ = {isa = PBXBuildFile; fileRef = AF9C3C6024ECEE850055E7C5 /* HomeVC.swift */; };
		AF9C3C7824ED317E0055E7C5 /* ShoppingCartView.swift in Sources */ = {isa = PBXBuildFile; fileRef = AF9C3C7724ED317E0055E7C5 /* ShoppingCartView.swift */; };
		AF9C3C7A24ED58660055E7C5 /* ShoppingCartSingleton.swift in Sources */ = {isa = PBXBuildFile; fileRef = AF9C3C7924ED58660055E7C5 /* ShoppingCartSingleton.swift */; };
		AF9C3C7C24ED592B0055E7C5 /* RecommendationVC.swift in Sources */ = {isa = PBXBuildFile; fileRef = AF9C3C7B24ED592B0055E7C5 /* RecommendationVC.swift */; };
		AF9C3C7E24ED8CCE0055E7C5 /* NavigationBarType.swift in Sources */ = {isa = PBXBuildFile; fileRef = AF9C3C7D24ED8CCE0055E7C5 /* NavigationBarType.swift */; };
		AFBA2C0B24EEF1170065DD29 /* CategoryType.swift in Sources */ = {isa = PBXBuildFile; fileRef = AFBA2C0A24EEF1170065DD29 /* CategoryType.swift */; };
		E29ADD5322183B344DF43AE3 /* Pods_martkurly.framework in Frameworks */ = {isa = PBXBuildFile; fileRef = 60C61A08968B012AF1CDDEC8 /* Pods_martkurly.framework */; };
/* End PBXBuildFile section */

/* Begin PBXFileReference section */
		0E1902CE24ED382E00B59A32 /* OrderCancelNoticeCell.swift */ = {isa = PBXFileReference; lastKnownFileType = sourcecode.swift; path = OrderCancelNoticeCell.swift; sourceTree = "<group>"; };
		0E2C835A24EE466C004C5568 /* ExchangeAndReturnCell.swift */ = {isa = PBXFileReference; lastKnownFileType = sourcecode.swift; path = ExchangeAndReturnCell.swift; sourceTree = "<group>"; };
		0E2C835C24EE8EC5004C5568 /* ProductErrorView.swift */ = {isa = PBXFileReference; lastKnownFileType = sourcecode.swift; path = ProductErrorView.swift; sourceTree = "<group>"; };
		0E2C835E24EE9FAA004C5568 /* ChangeMindOrderErrorView.swift */ = {isa = PBXFileReference; lastKnownFileType = sourcecode.swift; path = ChangeMindOrderErrorView.swift; sourceTree = "<group>"; };
		0E2C836024EEA8C6004C5568 /* NotChangeAndReturnView.swift */ = {isa = PBXFileReference; lastKnownFileType = sourcecode.swift; path = NotChangeAndReturnView.swift; sourceTree = "<group>"; };
		0E966DF124ED7AD500869F83 /* CancelMoreNoticeView.swift */ = {isa = PBXFileReference; lastKnownFileType = sourcecode.swift; path = CancelMoreNoticeView.swift; sourceTree = "<group>"; };
		0EB631E424EDA46A006AA976 /* DetailOrderView.swift */ = {isa = PBXFileReference; lastKnownFileType = sourcecode.swift; path = DetailOrderView.swift; sourceTree = "<group>"; };
		0EB631E624EDAE60006AA976 /* MoreButtonCell.swift */ = {isa = PBXFileReference; lastKnownFileType = sourcecode.swift; path = MoreButtonCell.swift; sourceTree = "<group>"; };
		33869669B85EDB88C28F68B0 /* Pods-martkurly.release.xcconfig */ = {isa = PBXFileReference; includeInIndex = 1; lastKnownFileType = text.xcconfig; name = "Pods-martkurly.release.xcconfig"; path = "Target Support Files/Pods-martkurly/Pods-martkurly.release.xcconfig"; sourceTree = "<group>"; };
		42C69B5B24EE606700A18B4C /* IncorrectInputWarningView.swift */ = {isa = PBXFileReference; lastKnownFileType = sourcecode.swift; path = IncorrectInputWarningView.swift; sourceTree = "<group>"; };
		42C69B5D24EE6D6800A18B4C /* SignError.swift */ = {isa = PBXFileReference; lastKnownFileType = sourcecode.swift; path = SignError.swift; sourceTree = "<group>"; };
		42C69B5F24EEC52200A18B4C /* Agreement.swift */ = {isa = PBXFileReference; lastKnownFileType = sourcecode.swift; path = Agreement.swift; sourceTree = "<group>"; };
		42C69B6224EEC84400A18B4C /* AgreementView.swift */ = {isa = PBXFileReference; lastKnownFileType = sourcecode.swift; path = AgreementView.swift; sourceTree = "<group>"; };
		42C69B6424EEC8D000A18B4C /* AgreementTableViewCell.swift */ = {isa = PBXFileReference; lastKnownFileType = sourcecode.swift; path = AgreementTableViewCell.swift; sourceTree = "<group>"; };
		42C69B6624EEC94400A18B4C /* AgreementCellType.swift */ = {isa = PBXFileReference; lastKnownFileType = sourcecode.swift; path = AgreementCellType.swift; sourceTree = "<group>"; };
		42C69B6824EECC1800A18B4C /* AgreementCheckMarkView.swift */ = {isa = PBXFileReference; lastKnownFileType = sourcecode.swift; path = AgreementCheckMarkView.swift; sourceTree = "<group>"; };
		42D867ED24EEE8AC00BBD784 /* AgreementPromotionView.swift */ = {isa = PBXFileReference; lastKnownFileType = sourcecode.swift; path = AgreementPromotionView.swift; sourceTree = "<group>"; };
		42FAF00F24ED105E00063981 /* StringManager.swift */ = {isa = PBXFileReference; lastKnownFileType = sourcecode.swift; path = StringManager.swift; sourceTree = "<group>"; };
		42FAF01124ED11A500063981 /* ImageManager.swift */ = {isa = PBXFileReference; lastKnownFileType = sourcecode.swift; path = ImageManager.swift; sourceTree = "<group>"; };
		42FAF01324ED11B800063981 /* ColorManager.swift */ = {isa = PBXFileReference; lastKnownFileType = sourcecode.swift; path = ColorManager.swift; sourceTree = "<group>"; };
		42FAF01624ED21F800063981 /* WhyKurlyView.swift */ = {isa = PBXFileReference; lastKnownFileType = sourcecode.swift; path = WhyKurlyView.swift; sourceTree = "<group>"; };
		42FAF01824ED28CB00063981 /* WhyKurlySubView.swift */ = {isa = PBXFileReference; lastKnownFileType = sourcecode.swift; path = WhyKurlySubView.swift; sourceTree = "<group>"; };
		42FAF01A24ED296C00063981 /* TestVC.swift */ = {isa = PBXFileReference; lastKnownFileType = sourcecode.swift; path = TestVC.swift; sourceTree = "<group>"; };
		42FAF02224ED895500063981 /* KurlyButton.swift */ = {isa = PBXFileReference; lastKnownFileType = sourcecode.swift; path = KurlyButton.swift; sourceTree = "<group>"; };
		42FAF02624EE3E4B00063981 /* UserTextFieldView.swift */ = {isa = PBXFileReference; lastKnownFileType = sourcecode.swift; path = UserTextFieldView.swift; sourceTree = "<group>"; };
		42FAF02824EE464700063981 /* SignInVC.swift */ = {isa = PBXFileReference; lastKnownFileType = sourcecode.swift; path = SignInVC.swift; sourceTree = "<group>"; };
		42FAF02A24EE465D00063981 /* SignUpVC.swift */ = {isa = PBXFileReference; lastKnownFileType = sourcecode.swift; path = SignUpVC.swift; sourceTree = "<group>"; };
		42FAF02C24EE475B00063981 /* ForgotIDVC.swift */ = {isa = PBXFileReference; lastKnownFileType = sourcecode.swift; path = ForgotIDVC.swift; sourceTree = "<group>"; };
		42FAF02E24EE476F00063981 /* ForgotPWVC.swift */ = {isa = PBXFileReference; lastKnownFileType = sourcecode.swift; path = ForgotPWVC.swift; sourceTree = "<group>"; };
		42FAF03024EE519900063981 /* CustomNavigationBarView.swift */ = {isa = PBXFileReference; lastKnownFileType = sourcecode.swift; path = CustomNavigationBarView.swift; sourceTree = "<group>"; };
		60C61A08968B012AF1CDDEC8 /* Pods_martkurly.framework */ = {isa = PBXFileReference; explicitFileType = wrapper.framework; includeInIndex = 0; path = Pods_martkurly.framework; sourceTree = BUILT_PRODUCTS_DIR; };
		6D19B7E14B91C2CC25D34E0C /* Pods-martkurly.debug.xcconfig */ = {isa = PBXFileReference; includeInIndex = 1; lastKnownFileType = text.xcconfig; name = "Pods-martkurly.debug.xcconfig"; path = "Target Support Files/Pods-martkurly/Pods-martkurly.debug.xcconfig"; sourceTree = "<group>"; };
		AF4759D224F2792600FE617A /* Product.swift */ = {isa = PBXFileReference; lastKnownFileType = sourcecode.swift; path = Product.swift; sourceTree = "<group>"; };
		AF564AAE24E56DEA00989F82 /* martkurly.app */ = {isa = PBXFileReference; explicitFileType = wrapper.application; includeInIndex = 0; path = martkurly.app; sourceTree = BUILT_PRODUCTS_DIR; };
		AF564AB124E56DEA00989F82 /* AppDelegate.swift */ = {isa = PBXFileReference; lastKnownFileType = sourcecode.swift; path = AppDelegate.swift; sourceTree = "<group>"; };
		AF564ABA24E56DED00989F82 /* Assets.xcassets */ = {isa = PBXFileReference; lastKnownFileType = folder.assetcatalog; path = Assets.xcassets; sourceTree = "<group>"; };
		AF564ABD24E56DED00989F82 /* Base */ = {isa = PBXFileReference; lastKnownFileType = file.storyboard; name = Base; path = Base.lproj/LaunchScreen.storyboard; sourceTree = "<group>"; };
		AF564ABF24E56DED00989F82 /* Info.plist */ = {isa = PBXFileReference; lastKnownFileType = text.plist.xml; path = Info.plist; sourceTree = "<group>"; };
		AF84DFA324EF9D90001F3F45 /* HomeMainImageCollectionView.swift */ = {isa = PBXFileReference; lastKnownFileType = sourcecode.swift; path = HomeMainImageCollectionView.swift; sourceTree = "<group>"; };
		AF84DFA724EFBD34001F3F45 /* CurlyRecommendCell.swift */ = {isa = PBXFileReference; lastKnownFileType = sourcecode.swift; path = CurlyRecommendCell.swift; sourceTree = "<group>"; };
		AF84DFA924EFBD81001F3F45 /* ProductListCell.swift */ = {isa = PBXFileReference; lastKnownFileType = sourcecode.swift; path = ProductListCell.swift; sourceTree = "<group>"; };
		AF84DFAB24EFBDE0001F3F45 /* EventListCell.swift */ = {isa = PBXFileReference; lastKnownFileType = sourcecode.swift; path = EventListCell.swift; sourceTree = "<group>"; };
		AF8D2F0024F3A41D00AE177D /* ProductCell.swift */ = {isa = PBXFileReference; lastKnownFileType = sourcecode.swift; path = ProductCell.swift; sourceTree = "<group>"; };
		AF8D2F0224F4151000AE177D /* EventCell.swift */ = {isa = PBXFileReference; lastKnownFileType = sourcecode.swift; name = EventCell.swift; path = "/Users/jiwooni/Documents/dev/martkurly-ios/martkurly/martkurly/Home/View/EventCell.swift"; sourceTree = "<absolute>"; };
		AF8D2F0424F415D600AE177D /* EventProductDetailListVC.swift */ = {isa = PBXFileReference; lastKnownFileType = sourcecode.swift; path = EventProductDetailListVC.swift; sourceTree = "<group>"; };
		AF8D2F0624F418FA00AE177D /* ProductListView.swift */ = {isa = PBXFileReference; lastKnownFileType = sourcecode.swift; path = ProductListView.swift; sourceTree = "<group>"; };
		AF8D2F0824F427D900AE177D /* ProductListHeaderView.swift */ = {isa = PBXFileReference; lastKnownFileType = sourcecode.swift; path = ProductListHeaderView.swift; sourceTree = "<group>"; };
		AF91A0A024F5646000717239 /* SortListCell.swift */ = {isa = PBXFileReference; lastKnownFileType = sourcecode.swift; path = SortListCell.swift; sourceTree = "<group>"; };
		AF9906B224EE3844005A8D89 /* CategoryMenuView.swift */ = {isa = PBXFileReference; lastKnownFileType = sourcecode.swift; path = CategoryMenuView.swift; sourceTree = "<group>"; };
		AF9C3C5B24ECE1270055E7C5 /* MainTBC.swift */ = {isa = PBXFileReference; lastKnownFileType = sourcecode.swift; path = MainTBC.swift; sourceTree = "<group>"; };
		AF9C3C5E24ECE2050055E7C5 /* Extensions.swift */ = {isa = PBXFileReference; lastKnownFileType = sourcecode.swift; path = Extensions.swift; sourceTree = "<group>"; };
		AF9C3C6024ECEE850055E7C5 /* HomeVC.swift */ = {isa = PBXFileReference; lastKnownFileType = sourcecode.swift; path = HomeVC.swift; sourceTree = "<group>"; };
		AF9C3C7724ED317E0055E7C5 /* ShoppingCartView.swift */ = {isa = PBXFileReference; lastKnownFileType = sourcecode.swift; path = ShoppingCartView.swift; sourceTree = "<group>"; };
		AF9C3C7924ED58660055E7C5 /* ShoppingCartSingleton.swift */ = {isa = PBXFileReference; lastKnownFileType = sourcecode.swift; path = ShoppingCartSingleton.swift; sourceTree = "<group>"; };
		AF9C3C7B24ED592B0055E7C5 /* RecommendationVC.swift */ = {isa = PBXFileReference; lastKnownFileType = sourcecode.swift; path = RecommendationVC.swift; sourceTree = "<group>"; };
		AF9C3C7D24ED8CCE0055E7C5 /* NavigationBarType.swift */ = {isa = PBXFileReference; lastKnownFileType = sourcecode.swift; path = NavigationBarType.swift; sourceTree = "<group>"; };
		AFBA2C0A24EEF1170065DD29 /* CategoryType.swift */ = {isa = PBXFileReference; lastKnownFileType = sourcecode.swift; path = CategoryType.swift; sourceTree = "<group>"; };
/* End PBXFileReference section */

/* Begin PBXFrameworksBuildPhase section */
		AF564AAB24E56DEA00989F82 /* Frameworks */ = {
			isa = PBXFrameworksBuildPhase;
			buildActionMask = 2147483647;
			files = (
				AF9799B524E6AC650067C611 /* Alamofire in Frameworks */,
				AF9799AF24E6AAB80067C611 /* Kingfisher in Frameworks */,
				AF9799A924E6A9EF0067C611 /* SnapKit in Frameworks */,
				AF9799AC24E6AA260067C611 /* Then in Frameworks */,
				E29ADD5322183B344DF43AE3 /* Pods_martkurly.framework in Frameworks */,
			);
			runOnlyForDeploymentPostprocessing = 0;
		};
/* End PBXFrameworksBuildPhase section */

/* Begin PBXGroup section */
		42FAF00E24ED103300063981 /* Model */ = {
			isa = PBXGroup;
			children = (
				42FAF01324ED11B800063981 /* ColorManager.swift */,
				42FAF01124ED11A500063981 /* ImageManager.swift */,
				AF9C3C7D24ED8CCE0055E7C5 /* NavigationBarType.swift */,
				42FAF00F24ED105E00063981 /* StringManager.swift */,
				AFBA2C0A24EEF1170065DD29 /* CategoryType.swift */,
				AF4759D224F2792600FE617A /* Product.swift */,
			);
			path = Model;
			sourceTree = "<group>";
		};
		42FAF01524ED21AB00063981 /* View */ = {
			isa = PBXGroup;
			children = (
				0EB631E424EDA46A006AA976 /* DetailOrderView.swift */,
				0E966DF124ED7AD500869F83 /* CancelMoreNoticeView.swift */,
				0E2C835A24EE466C004C5568 /* ExchangeAndReturnCell.swift */,
				0E2C835C24EE8EC5004C5568 /* ProductErrorView.swift */,
				0E2C835E24EE9FAA004C5568 /* ChangeMindOrderErrorView.swift */,
				0E2C836024EEA8C6004C5568 /* NotChangeAndReturnView.swift */,
				42FAF02224ED895500063981 /* KurlyButton.swift */,
				0EB631E624EDAE60006AA976 /* MoreButtonCell.swift */,
				0E1902CE24ED382E00B59A32 /* OrderCancelNoticeCell.swift */,
				AF9C3C7724ED317E0055E7C5 /* ShoppingCartView.swift */,
				AF9906B224EE3844005A8D89 /* CategoryMenuView.swift */,
				42FAF02624EE3E4B00063981 /* UserTextFieldView.swift */,
				42FAF01824ED28CB00063981 /* WhyKurlySubView.swift */,
				42FAF01624ED21F800063981 /* WhyKurlyView.swift */,
			);
			path = View;
			sourceTree = "<group>";
		};
		42FAF01C24ED887100063981 /* Sign */ = {
			isa = PBXGroup;
			children = (
				42FAF01D24ED887A00063981 /* Model */,
				42FAF01E24ED887D00063981 /* View */,
				42FAF01F24ED888100063981 /* Controller */,
			);
			path = Sign;
			sourceTree = "<group>";
		};
		42FAF01D24ED887A00063981 /* Model */ = {
			isa = PBXGroup;
			children = (
				42C69B5D24EE6D6800A18B4C /* SignError.swift */,
				42C69B5F24EEC52200A18B4C /* Agreement.swift */,
				42C69B6624EEC94400A18B4C /* AgreementCellType.swift */,
			);
			path = Model;
			sourceTree = "<group>";
		};
		42FAF01E24ED887D00063981 /* View */ = {
			isa = PBXGroup;
			children = (
				42C69B6824EECC1800A18B4C /* AgreementCheckMarkView.swift */,
				42C69B6424EEC8D000A18B4C /* AgreementTableViewCell.swift */,
				42D867ED24EEE8AC00BBD784 /* AgreementPromotionView.swift */,
				42C69B6224EEC84400A18B4C /* AgreementView.swift */,
				42FAF03024EE519900063981 /* CustomNavigationBarView.swift */,
				42C69B5B24EE606700A18B4C /* IncorrectInputWarningView.swift */,
			);
			path = View;
			sourceTree = "<group>";
		};
		42FAF01F24ED888100063981 /* Controller */ = {
			isa = PBXGroup;
			children = (
				42FAF02C24EE475B00063981 /* ForgotIDVC.swift */,
				42FAF02E24EE476F00063981 /* ForgotPWVC.swift */,
				42FAF02824EE464700063981 /* SignInVC.swift */,
				42FAF02A24EE465D00063981 /* SignUpVC.swift */,
			);
			path = Controller;
			sourceTree = "<group>";
		};
		AF564AA524E56DEA00989F82 = {
			isa = PBXGroup;
			children = (
				AF564AB024E56DEA00989F82 /* martkurly */,
				AF564AAF24E56DEA00989F82 /* Products */,
				FBBA4763B7DD18B11BC1EE51 /* Pods */,
				DD8EE2CF4E72EAE15F6B33E1 /* Frameworks */,
			);
			sourceTree = "<group>";
		};
		AF564AAF24E56DEA00989F82 /* Products */ = {
			isa = PBXGroup;
			children = (
				AF564AAE24E56DEA00989F82 /* martkurly.app */,
			);
			name = Products;
			sourceTree = "<group>";
		};
		AF564AB024E56DEA00989F82 /* martkurly */ = {
			isa = PBXGroup;
			children = (
				AF9C3C7624ED2E6F0055E7C5 /* Default */,
				AF9C3C6224ED2D630055E7C5 /* Home */,
				AF9C3C6324ED2D760055E7C5 /* Recommend */,
				AF9C3C6424ED2D840055E7C5 /* Category */,
				AF9C3C6524ED2D980055E7C5 /* Search */,
				AF9C3C6624ED2DA00055E7C5 /* Mycurly */,
				42FAF01C24ED887100063981 /* Sign */,
				AF9C3C5D24ECE1EC0055E7C5 /* Utils */,
				AF564AC524E56E8100989F82 /* Supporting */,
			);
			path = martkurly;
			sourceTree = "<group>";
		};
		AF564AC524E56E8100989F82 /* Supporting */ = {
			isa = PBXGroup;
			children = (
				AF564AB124E56DEA00989F82 /* AppDelegate.swift */,
				AF564ABA24E56DED00989F82 /* Assets.xcassets */,
				AF564ABC24E56DED00989F82 /* LaunchScreen.storyboard */,
				AF564ABF24E56DED00989F82 /* Info.plist */,
			);
			path = Supporting;
			sourceTree = "<group>";
		};
		AF564AC624E56EF600989F82 /* Controller */ = {
			isa = PBXGroup;
			children = (
				AF9C3C5B24ECE1270055E7C5 /* MainTBC.swift */,
				42FAF01A24ED296C00063981 /* TestVC.swift */,
			);
			path = Controller;
			sourceTree = "<group>";
		};
		AF91A09F24F55EF500717239 /* ProductView */ = {
			isa = PBXGroup;
			children = (
				AF8D2F0624F418FA00AE177D /* ProductListView.swift */,
				AF8D2F0024F3A41D00AE177D /* ProductCell.swift */,
				AF8D2F0824F427D900AE177D /* ProductListHeaderView.swift */,
				AF91A0A024F5646000717239 /* SortListCell.swift */,
			);
			path = ProductView;
			sourceTree = "<group>";
		};
		AF9C3C5D24ECE1EC0055E7C5 /* Utils */ = {
			isa = PBXGroup;
			children = (
				AF9C3C5E24ECE2050055E7C5 /* Extensions.swift */,
				AF9C3C7924ED58660055E7C5 /* ShoppingCartSingleton.swift */,
			);
			path = Utils;
			sourceTree = "<group>";
		};
		AF9C3C6224ED2D630055E7C5 /* Home */ = {
			isa = PBXGroup;
			children = (
				AF9C3C6924ED2E1A0055E7C5 /* Model */,
				AF9C3C6824ED2E140055E7C5 /* View */,
				AF9C3C6724ED2E080055E7C5 /* Controller */,
			);
			path = Home;
			sourceTree = "<group>";
		};
		AF9C3C6324ED2D760055E7C5 /* Recommend */ = {
			isa = PBXGroup;
			children = (
				AF9C3C6C24ED2E340055E7C5 /* Model */,
				AF9C3C6B24ED2E300055E7C5 /* View */,
				AF9C3C6A24ED2E2B0055E7C5 /* Controller */,
			);
			path = Recommend;
			sourceTree = "<group>";
		};
		AF9C3C6424ED2D840055E7C5 /* Category */ = {
			isa = PBXGroup;
			children = (
				AF9C3C6F24ED2E440055E7C5 /* Model */,
				AF9C3C6E24ED2E3F0055E7C5 /* View */,
				AF9C3C6D24ED2E3A0055E7C5 /* Controller */,
			);
			path = Category;
			sourceTree = "<group>";
		};
		AF9C3C6524ED2D980055E7C5 /* Search */ = {
			isa = PBXGroup;
			children = (
				AF9C3C7224ED2E540055E7C5 /* Model */,
				AF9C3C7124ED2E4F0055E7C5 /* View */,
				AF9C3C7024ED2E4B0055E7C5 /* Controller */,
			);
			path = Search;
			sourceTree = "<group>";
		};
		AF9C3C6624ED2DA00055E7C5 /* Mycurly */ = {
			isa = PBXGroup;
			children = (
				AF9C3C7524ED2E640055E7C5 /* Model */,
				AF9C3C7424ED2E5F0055E7C5 /* View */,
				AF9C3C7324ED2E590055E7C5 /* Controller */,
			);
			path = Mycurly;
			sourceTree = "<group>";
		};
		AF9C3C6724ED2E080055E7C5 /* Controller */ = {
			isa = PBXGroup;
			children = (
				AF9C3C6024ECEE850055E7C5 /* HomeVC.swift */,
				AF8D2F0424F415D600AE177D /* EventProductDetailListVC.swift */,
			);
			path = Controller;
			sourceTree = "<group>";
		};
		AF9C3C6824ED2E140055E7C5 /* View */ = {
			isa = PBXGroup;
			children = (
				AF84DFA324EF9D90001F3F45 /* HomeMainImageCollectionView.swift */,
				AF84DFA724EFBD34001F3F45 /* CurlyRecommendCell.swift */,
				AF84DFA924EFBD81001F3F45 /* ProductListCell.swift */,
				AF84DFAB24EFBDE0001F3F45 /* EventListCell.swift */,
				AF8D2F0224F4151000AE177D /* EventCell.swift */,
				AF91A09F24F55EF500717239 /* ProductView */,
			);
			path = View;
			sourceTree = "<group>";
		};
		AF9C3C6924ED2E1A0055E7C5 /* Model */ = {
			isa = PBXGroup;
			children = (
			);
			path = Model;
			sourceTree = "<group>";
		};
		AF9C3C6A24ED2E2B0055E7C5 /* Controller */ = {
			isa = PBXGroup;
			children = (
				AF9C3C7B24ED592B0055E7C5 /* RecommendationVC.swift */,
			);
			path = Controller;
			sourceTree = "<group>";
		};
		AF9C3C6B24ED2E300055E7C5 /* View */ = {
			isa = PBXGroup;
			children = (
			);
			path = View;
			sourceTree = "<group>";
		};
		AF9C3C6C24ED2E340055E7C5 /* Model */ = {
			isa = PBXGroup;
			children = (
			);
			path = Model;
			sourceTree = "<group>";
		};
		AF9C3C6D24ED2E3A0055E7C5 /* Controller */ = {
			isa = PBXGroup;
			children = (
			);
			path = Controller;
			sourceTree = "<group>";
		};
		AF9C3C6E24ED2E3F0055E7C5 /* View */ = {
			isa = PBXGroup;
			children = (
			);
			path = View;
			sourceTree = "<group>";
		};
		AF9C3C6F24ED2E440055E7C5 /* Model */ = {
			isa = PBXGroup;
			children = (
			);
			path = Model;
			sourceTree = "<group>";
		};
		AF9C3C7024ED2E4B0055E7C5 /* Controller */ = {
			isa = PBXGroup;
			children = (
			);
			path = Controller;
			sourceTree = "<group>";
		};
		AF9C3C7124ED2E4F0055E7C5 /* View */ = {
			isa = PBXGroup;
			children = (
			);
			path = View;
			sourceTree = "<group>";
		};
		AF9C3C7224ED2E540055E7C5 /* Model */ = {
			isa = PBXGroup;
			children = (
			);
			path = Model;
			sourceTree = "<group>";
		};
		AF9C3C7324ED2E590055E7C5 /* Controller */ = {
			isa = PBXGroup;
			children = (
			);
			path = Controller;
			sourceTree = "<group>";
		};
		AF9C3C7424ED2E5F0055E7C5 /* View */ = {
			isa = PBXGroup;
			children = (
			);
			path = View;
			sourceTree = "<group>";
		};
		AF9C3C7524ED2E640055E7C5 /* Model */ = {
			isa = PBXGroup;
			children = (
			);
			path = Model;
			sourceTree = "<group>";
		};
		AF9C3C7624ED2E6F0055E7C5 /* Default */ = {
			isa = PBXGroup;
			children = (
				42FAF00E24ED103300063981 /* Model */,
				42FAF01524ED21AB00063981 /* View */,
				AF564AC624E56EF600989F82 /* Controller */,
			);
			path = Default;
			sourceTree = "<group>";
		};
		DD8EE2CF4E72EAE15F6B33E1 /* Frameworks */ = {
			isa = PBXGroup;
			children = (
				60C61A08968B012AF1CDDEC8 /* Pods_martkurly.framework */,
			);
			name = Frameworks;
			sourceTree = "<group>";
		};
		FBBA4763B7DD18B11BC1EE51 /* Pods */ = {
			isa = PBXGroup;
			children = (
				6D19B7E14B91C2CC25D34E0C /* Pods-martkurly.debug.xcconfig */,
				33869669B85EDB88C28F68B0 /* Pods-martkurly.release.xcconfig */,
			);
			path = Pods;
			sourceTree = "<group>";
		};
/* End PBXGroup section */

/* Begin PBXNativeTarget section */
		AF564AAD24E56DEA00989F82 /* martkurly */ = {
			isa = PBXNativeTarget;
			buildConfigurationList = AF564AC224E56DED00989F82 /* Build configuration list for PBXNativeTarget "martkurly" */;
			buildPhases = (
				7B7D6E61D3462F4EF06FEA13 /* [CP] Check Pods Manifest.lock */,
				AF564AAA24E56DEA00989F82 /* Sources */,
				AF564AAB24E56DEA00989F82 /* Frameworks */,
				AF564AAC24E56DEA00989F82 /* Resources */,
				AF9799B924E6ADD60067C611 /* ShellScript */,
			);
			buildRules = (
			);
			dependencies = (
			);
			name = martkurly;
			packageProductDependencies = (
				AF9799A824E6A9EF0067C611 /* SnapKit */,
				AF9799AB24E6AA260067C611 /* Then */,
				AF9799AE24E6AAB80067C611 /* Kingfisher */,
				AF9799B424E6AC650067C611 /* Alamofire */,
			);
			productName = martkurly;
			productReference = AF564AAE24E56DEA00989F82 /* martkurly.app */;
			productType = "com.apple.product-type.application";
		};
/* End PBXNativeTarget section */

/* Begin PBXProject section */
		AF564AA624E56DEA00989F82 /* Project object */ = {
			isa = PBXProject;
			attributes = {
				LastSwiftUpdateCheck = 1160;
				LastUpgradeCheck = 1160;
				ORGANIZATIONNAME = Team3x3;
				TargetAttributes = {
					AF564AAD24E56DEA00989F82 = {
						CreatedOnToolsVersion = 11.6;
					};
				};
			};
			buildConfigurationList = AF564AA924E56DEA00989F82 /* Build configuration list for PBXProject "martkurly" */;
			compatibilityVersion = "Xcode 9.3";
			developmentRegion = en;
			hasScannedForEncodings = 0;
			knownRegions = (
				en,
				Base,
			);
			mainGroup = AF564AA524E56DEA00989F82;
			packageReferences = (
				AF9799A724E6A9EF0067C611 /* XCRemoteSwiftPackageReference "SnapKit" */,
				AF9799AA24E6AA260067C611 /* XCRemoteSwiftPackageReference "Then" */,
				AF9799AD24E6AAB80067C611 /* XCRemoteSwiftPackageReference "Kingfisher" */,
				AF9799B324E6AC650067C611 /* XCRemoteSwiftPackageReference "Alamofire" */,
			);
			productRefGroup = AF564AAF24E56DEA00989F82 /* Products */;
			projectDirPath = "";
			projectRoot = "";
			targets = (
				AF564AAD24E56DEA00989F82 /* martkurly */,
			);
		};
/* End PBXProject section */

/* Begin PBXResourcesBuildPhase section */
		AF564AAC24E56DEA00989F82 /* Resources */ = {
			isa = PBXResourcesBuildPhase;
			buildActionMask = 2147483647;
			files = (
				AF564ABE24E56DED00989F82 /* LaunchScreen.storyboard in Resources */,
				AF564ABB24E56DED00989F82 /* Assets.xcassets in Resources */,
			);
			runOnlyForDeploymentPostprocessing = 0;
		};
/* End PBXResourcesBuildPhase section */

/* Begin PBXShellScriptBuildPhase section */
		7B7D6E61D3462F4EF06FEA13 /* [CP] Check Pods Manifest.lock */ = {
			isa = PBXShellScriptBuildPhase;
			buildActionMask = 2147483647;
			files = (
			);
			inputFileListPaths = (
			);
			inputPaths = (
				"${PODS_PODFILE_DIR_PATH}/Podfile.lock",
				"${PODS_ROOT}/Manifest.lock",
			);
			name = "[CP] Check Pods Manifest.lock";
			outputFileListPaths = (
			);
			outputPaths = (
				"$(DERIVED_FILE_DIR)/Pods-martkurly-checkManifestLockResult.txt",
			);
			runOnlyForDeploymentPostprocessing = 0;
			shellPath = /bin/sh;
			shellScript = "diff \"${PODS_PODFILE_DIR_PATH}/Podfile.lock\" \"${PODS_ROOT}/Manifest.lock\" > /dev/null\nif [ $? != 0 ] ; then\n    # print error to STDERR\n    echo \"error: The sandbox is not in sync with the Podfile.lock. Run 'pod install' or update your CocoaPods installation.\" >&2\n    exit 1\nfi\n# This output is used by Xcode 'outputs' to avoid re-running this script phase.\necho \"SUCCESS\" > \"${SCRIPT_OUTPUT_FILE_0}\"\n";
			showEnvVarsInLog = 0;
		};
		AF9799B924E6ADD60067C611 /* ShellScript */ = {
			isa = PBXShellScriptBuildPhase;
			buildActionMask = 2147483647;
			files = (
			);
			inputFileListPaths = (
			);
			inputPaths = (
			);
			outputFileListPaths = (
			);
			outputPaths = (
			);
			runOnlyForDeploymentPostprocessing = 0;
			shellPath = /bin/sh;
			shellScript = "${PODS_ROOT}/SwiftLint/swiftlint autocorrect\n";
		};
/* End PBXShellScriptBuildPhase section */

/* Begin PBXSourcesBuildPhase section */
		AF564AAA24E56DEA00989F82 /* Sources */ = {
			isa = PBXSourcesBuildPhase;
			buildActionMask = 2147483647;
			files = (
				0E1902CF24ED382E00B59A32 /* OrderCancelNoticeCell.swift in Sources */,
				AF9906B324EE3844005A8D89 /* CategoryMenuView.swift in Sources */,
				AF8D2F0724F418FA00AE177D /* ProductListView.swift in Sources */,
				42FAF02724EE3E4B00063981 /* UserTextFieldView.swift in Sources */,
				42FAF01024ED105E00063981 /* StringManager.swift in Sources */,
				42C69B6924EECC1800A18B4C /* AgreementCheckMarkView.swift in Sources */,
				AF4759D324F2792600FE617A /* Product.swift in Sources */,
				AF9C3C5C24ECE1270055E7C5 /* MainTBC.swift in Sources */,
				AF84DFAA24EFBD81001F3F45 /* ProductListCell.swift in Sources */,
				42FAF02F24EE476F00063981 /* ForgotPWVC.swift in Sources */,
				AF9C3C7824ED317E0055E7C5 /* ShoppingCartView.swift in Sources */,
				42C69B6024EEC52200A18B4C /* Agreement.swift in Sources */,
				AF8D2F0524F415D600AE177D /* EventProductDetailListVC.swift in Sources */,
				AF8D2F0324F4151000AE177D /* EventCell.swift in Sources */,
				42C69B5C24EE606700A18B4C /* IncorrectInputWarningView.swift in Sources */,
				AF9C3C7A24ED58660055E7C5 /* ShoppingCartSingleton.swift in Sources */,
				AF84DFA824EFBD34001F3F45 /* CurlyRecommendCell.swift in Sources */,
				42C69B6524EEC8D000A18B4C /* AgreementTableViewCell.swift in Sources */,
				42FAF01224ED11A500063981 /* ImageManager.swift in Sources */,
				42FAF03124EE519900063981 /* CustomNavigationBarView.swift in Sources */,
				42C69B6324EEC84400A18B4C /* AgreementView.swift in Sources */,
				42FAF02324ED895500063981 /* KurlyButton.swift in Sources */,
				AF84DFAC24EFBDE0001F3F45 /* EventListCell.swift in Sources */,
				AF91A0A124F5646000717239 /* SortListCell.swift in Sources */,
				AFBA2C0B24EEF1170065DD29 /* CategoryType.swift in Sources */,
				AF9C3C6124ECEE850055E7C5 /* HomeVC.swift in Sources */,
				AF84DFA424EF9D90001F3F45 /* HomeMainImageCollectionView.swift in Sources */,
				42FAF01724ED21F800063981 /* WhyKurlyView.swift in Sources */,
				AF9C3C7C24ED592B0055E7C5 /* RecommendationVC.swift in Sources */,
				42FAF02924EE464700063981 /* SignInVC.swift in Sources */,
				AF9C3C5F24ECE2050055E7C5 /* Extensions.swift in Sources */,
				AF8D2F0924F427D900AE177D /* ProductListHeaderView.swift in Sources */,
				0EB631E524EDA46A006AA976 /* DetailOrderView.swift in Sources */,
				0E2C835B24EE466C004C5568 /* ExchangeAndReturnCell.swift in Sources */,
				42D867EE24EEE8AC00BBD784 /* AgreementPromotionView.swift in Sources */,
				0E2C836124EEA8C6004C5568 /* NotChangeAndReturnView.swift in Sources */,
				42FAF02B24EE465D00063981 /* SignUpVC.swift in Sources */,
				0E966DF224ED7AD500869F83 /* CancelMoreNoticeView.swift in Sources */,
				0E2C835D24EE8EC5004C5568 /* ProductErrorView.swift in Sources */,
				42FAF01924ED28CB00063981 /* WhyKurlySubView.swift in Sources */,
				42C69B6724EEC94400A18B4C /* AgreementCellType.swift in Sources */,
				0E2C835F24EE9FAA004C5568 /* ChangeMindOrderErrorView.swift in Sources */,
				AF564AB224E56DEA00989F82 /* AppDelegate.swift in Sources */,
				AF9C3C7E24ED8CCE0055E7C5 /* NavigationBarType.swift in Sources */,
				42C69B5E24EE6D6800A18B4C /* SignError.swift in Sources */,
				42FAF01B24ED296C00063981 /* TestVC.swift in Sources */,
				42FAF01424ED11B800063981 /* ColorManager.swift in Sources */,
				AF8D2F0124F3A41D00AE177D /* ProductCell.swift in Sources */,
				0EB631E724EDAE60006AA976 /* MoreButtonCell.swift in Sources */,
				42FAF02D24EE475B00063981 /* ForgotIDVC.swift in Sources */,
			);
			runOnlyForDeploymentPostprocessing = 0;
		};
/* End PBXSourcesBuildPhase section */

/* Begin PBXVariantGroup section */
		AF564ABC24E56DED00989F82 /* LaunchScreen.storyboard */ = {
			isa = PBXVariantGroup;
			children = (
				AF564ABD24E56DED00989F82 /* Base */,
			);
			name = LaunchScreen.storyboard;
			sourceTree = "<group>";
		};
/* End PBXVariantGroup section */

/* Begin XCBuildConfiguration section */
		AF564AC024E56DED00989F82 /* Debug */ = {
			isa = XCBuildConfiguration;
			buildSettings = {
				ALWAYS_SEARCH_USER_PATHS = NO;
				CLANG_ANALYZER_NONNULL = YES;
				CLANG_ANALYZER_NUMBER_OBJECT_CONVERSION = YES_AGGRESSIVE;
				CLANG_CXX_LANGUAGE_STANDARD = "gnu++14";
				CLANG_CXX_LIBRARY = "libc++";
				CLANG_ENABLE_MODULES = YES;
				CLANG_ENABLE_OBJC_ARC = YES;
				CLANG_ENABLE_OBJC_WEAK = YES;
				CLANG_WARN_BLOCK_CAPTURE_AUTORELEASING = YES;
				CLANG_WARN_BOOL_CONVERSION = YES;
				CLANG_WARN_COMMA = YES;
				CLANG_WARN_CONSTANT_CONVERSION = YES;
				CLANG_WARN_DEPRECATED_OBJC_IMPLEMENTATIONS = YES;
				CLANG_WARN_DIRECT_OBJC_ISA_USAGE = YES_ERROR;
				CLANG_WARN_DOCUMENTATION_COMMENTS = YES;
				CLANG_WARN_EMPTY_BODY = YES;
				CLANG_WARN_ENUM_CONVERSION = YES;
				CLANG_WARN_INFINITE_RECURSION = YES;
				CLANG_WARN_INT_CONVERSION = YES;
				CLANG_WARN_NON_LITERAL_NULL_CONVERSION = YES;
				CLANG_WARN_OBJC_IMPLICIT_RETAIN_SELF = YES;
				CLANG_WARN_OBJC_LITERAL_CONVERSION = YES;
				CLANG_WARN_OBJC_ROOT_CLASS = YES_ERROR;
				CLANG_WARN_RANGE_LOOP_ANALYSIS = YES;
				CLANG_WARN_STRICT_PROTOTYPES = YES;
				CLANG_WARN_SUSPICIOUS_MOVE = YES;
				CLANG_WARN_UNGUARDED_AVAILABILITY = YES_AGGRESSIVE;
				CLANG_WARN_UNREACHABLE_CODE = YES;
				CLANG_WARN__DUPLICATE_METHOD_MATCH = YES;
				COPY_PHASE_STRIP = NO;
				DEBUG_INFORMATION_FORMAT = dwarf;
				ENABLE_STRICT_OBJC_MSGSEND = YES;
				ENABLE_TESTABILITY = YES;
				GCC_C_LANGUAGE_STANDARD = gnu11;
				GCC_DYNAMIC_NO_PIC = NO;
				GCC_NO_COMMON_BLOCKS = YES;
				GCC_OPTIMIZATION_LEVEL = 0;
				GCC_PREPROCESSOR_DEFINITIONS = (
					"DEBUG=1",
					"$(inherited)",
				);
				GCC_WARN_64_TO_32_BIT_CONVERSION = YES;
				GCC_WARN_ABOUT_RETURN_TYPE = YES_ERROR;
				GCC_WARN_UNDECLARED_SELECTOR = YES;
				GCC_WARN_UNINITIALIZED_AUTOS = YES_AGGRESSIVE;
				GCC_WARN_UNUSED_FUNCTION = YES;
				GCC_WARN_UNUSED_VARIABLE = YES;
				IPHONEOS_DEPLOYMENT_TARGET = 13.0;
				MTL_ENABLE_DEBUG_INFO = INCLUDE_SOURCE;
				MTL_FAST_MATH = YES;
				ONLY_ACTIVE_ARCH = YES;
				SDKROOT = iphoneos;
				SWIFT_ACTIVE_COMPILATION_CONDITIONS = DEBUG;
				SWIFT_OPTIMIZATION_LEVEL = "-Onone";
			};
			name = Debug;
		};
		AF564AC124E56DED00989F82 /* Release */ = {
			isa = XCBuildConfiguration;
			buildSettings = {
				ALWAYS_SEARCH_USER_PATHS = NO;
				CLANG_ANALYZER_NONNULL = YES;
				CLANG_ANALYZER_NUMBER_OBJECT_CONVERSION = YES_AGGRESSIVE;
				CLANG_CXX_LANGUAGE_STANDARD = "gnu++14";
				CLANG_CXX_LIBRARY = "libc++";
				CLANG_ENABLE_MODULES = YES;
				CLANG_ENABLE_OBJC_ARC = YES;
				CLANG_ENABLE_OBJC_WEAK = YES;
				CLANG_WARN_BLOCK_CAPTURE_AUTORELEASING = YES;
				CLANG_WARN_BOOL_CONVERSION = YES;
				CLANG_WARN_COMMA = YES;
				CLANG_WARN_CONSTANT_CONVERSION = YES;
				CLANG_WARN_DEPRECATED_OBJC_IMPLEMENTATIONS = YES;
				CLANG_WARN_DIRECT_OBJC_ISA_USAGE = YES_ERROR;
				CLANG_WARN_DOCUMENTATION_COMMENTS = YES;
				CLANG_WARN_EMPTY_BODY = YES;
				CLANG_WARN_ENUM_CONVERSION = YES;
				CLANG_WARN_INFINITE_RECURSION = YES;
				CLANG_WARN_INT_CONVERSION = YES;
				CLANG_WARN_NON_LITERAL_NULL_CONVERSION = YES;
				CLANG_WARN_OBJC_IMPLICIT_RETAIN_SELF = YES;
				CLANG_WARN_OBJC_LITERAL_CONVERSION = YES;
				CLANG_WARN_OBJC_ROOT_CLASS = YES_ERROR;
				CLANG_WARN_RANGE_LOOP_ANALYSIS = YES;
				CLANG_WARN_STRICT_PROTOTYPES = YES;
				CLANG_WARN_SUSPICIOUS_MOVE = YES;
				CLANG_WARN_UNGUARDED_AVAILABILITY = YES_AGGRESSIVE;
				CLANG_WARN_UNREACHABLE_CODE = YES;
				CLANG_WARN__DUPLICATE_METHOD_MATCH = YES;
				COPY_PHASE_STRIP = NO;
				DEBUG_INFORMATION_FORMAT = "dwarf-with-dsym";
				ENABLE_NS_ASSERTIONS = NO;
				ENABLE_STRICT_OBJC_MSGSEND = YES;
				GCC_C_LANGUAGE_STANDARD = gnu11;
				GCC_NO_COMMON_BLOCKS = YES;
				GCC_WARN_64_TO_32_BIT_CONVERSION = YES;
				GCC_WARN_ABOUT_RETURN_TYPE = YES_ERROR;
				GCC_WARN_UNDECLARED_SELECTOR = YES;
				GCC_WARN_UNINITIALIZED_AUTOS = YES_AGGRESSIVE;
				GCC_WARN_UNUSED_FUNCTION = YES;
				GCC_WARN_UNUSED_VARIABLE = YES;
				IPHONEOS_DEPLOYMENT_TARGET = 13.0;
				MTL_ENABLE_DEBUG_INFO = NO;
				MTL_FAST_MATH = YES;
				SDKROOT = iphoneos;
				SWIFT_COMPILATION_MODE = wholemodule;
				SWIFT_OPTIMIZATION_LEVEL = "-O";
				VALIDATE_PRODUCT = YES;
			};
			name = Release;
		};
		AF564AC324E56DED00989F82 /* Debug */ = {
			isa = XCBuildConfiguration;
			baseConfigurationReference = 6D19B7E14B91C2CC25D34E0C /* Pods-martkurly.debug.xcconfig */;
			buildSettings = {
				ASSETCATALOG_COMPILER_APPICON_NAME = AppIcon;
				CODE_SIGN_IDENTITY = "Apple Development";
				CODE_SIGN_STYLE = Automatic;
				DEVELOPMENT_TEAM = Q3HC733CNK;
				INFOPLIST_FILE = martkurly/Supporting/Info.plist;
				IPHONEOS_DEPLOYMENT_TARGET = 13.0;
				LD_RUNPATH_SEARCH_PATHS = (
					"$(inherited)",
					"@executable_path/Frameworks",
				);
				PRODUCT_BUNDLE_IDENTIFIER = com.team3x3.martkurly;
				PRODUCT_NAME = "$(TARGET_NAME)";
				PROVISIONING_PROFILE_SPECIFIER = "";
				SWIFT_VERSION = 5.0;
				TARGETED_DEVICE_FAMILY = 1;
			};
			name = Debug;
		};
		AF564AC424E56DED00989F82 /* Release */ = {
			isa = XCBuildConfiguration;
			baseConfigurationReference = 33869669B85EDB88C28F68B0 /* Pods-martkurly.release.xcconfig */;
			buildSettings = {
				ASSETCATALOG_COMPILER_APPICON_NAME = AppIcon;
				CODE_SIGN_IDENTITY = "Apple Development";
				CODE_SIGN_STYLE = Automatic;
				DEVELOPMENT_TEAM = Q3HC733CNK;
				INFOPLIST_FILE = martkurly/Supporting/Info.plist;
				IPHONEOS_DEPLOYMENT_TARGET = 13.0;
				LD_RUNPATH_SEARCH_PATHS = (
					"$(inherited)",
					"@executable_path/Frameworks",
				);
				PRODUCT_BUNDLE_IDENTIFIER = com.team3x3.martkurly;
				PRODUCT_NAME = "$(TARGET_NAME)";
				PROVISIONING_PROFILE_SPECIFIER = "";
				SWIFT_VERSION = 5.0;
				TARGETED_DEVICE_FAMILY = 1;
			};
			name = Release;
		};
/* End XCBuildConfiguration section */

/* Begin XCConfigurationList section */
		AF564AA924E56DEA00989F82 /* Build configuration list for PBXProject "martkurly" */ = {
			isa = XCConfigurationList;
			buildConfigurations = (
				AF564AC024E56DED00989F82 /* Debug */,
				AF564AC124E56DED00989F82 /* Release */,
			);
			defaultConfigurationIsVisible = 0;
			defaultConfigurationName = Release;
		};
		AF564AC224E56DED00989F82 /* Build configuration list for PBXNativeTarget "martkurly" */ = {
			isa = XCConfigurationList;
			buildConfigurations = (
				AF564AC324E56DED00989F82 /* Debug */,
				AF564AC424E56DED00989F82 /* Release */,
			);
			defaultConfigurationIsVisible = 0;
			defaultConfigurationName = Release;
		};
/* End XCConfigurationList section */

/* Begin XCRemoteSwiftPackageReference section */
		AF9799A724E6A9EF0067C611 /* XCRemoteSwiftPackageReference "SnapKit" */ = {
			isa = XCRemoteSwiftPackageReference;
			repositoryURL = "https://github.com/SnapKit/SnapKit.git";
			requirement = {
				kind = upToNextMajorVersion;
				minimumVersion = 5.0.1;
			};
		};
		AF9799AA24E6AA260067C611 /* XCRemoteSwiftPackageReference "Then" */ = {
			isa = XCRemoteSwiftPackageReference;
			repositoryURL = "https://github.com/devxoul/Then.git";
			requirement = {
				kind = upToNextMajorVersion;
				minimumVersion = 2.7.0;
			};
		};
		AF9799AD24E6AAB80067C611 /* XCRemoteSwiftPackageReference "Kingfisher" */ = {
			isa = XCRemoteSwiftPackageReference;
			repositoryURL = "https://github.com/onevcat/Kingfisher.git";
			requirement = {
				kind = upToNextMajorVersion;
				minimumVersion = 5.14.1;
			};
		};
		AF9799B324E6AC650067C611 /* XCRemoteSwiftPackageReference "Alamofire" */ = {
			isa = XCRemoteSwiftPackageReference;
			repositoryURL = "https://github.com/Alamofire/Alamofire.git";
			requirement = {
				kind = upToNextMajorVersion;
				minimumVersion = 5.2.2;
			};
		};
/* End XCRemoteSwiftPackageReference section */

/* Begin XCSwiftPackageProductDependency section */
		AF9799A824E6A9EF0067C611 /* SnapKit */ = {
			isa = XCSwiftPackageProductDependency;
			package = AF9799A724E6A9EF0067C611 /* XCRemoteSwiftPackageReference "SnapKit" */;
			productName = SnapKit;
		};
		AF9799AB24E6AA260067C611 /* Then */ = {
			isa = XCSwiftPackageProductDependency;
			package = AF9799AA24E6AA260067C611 /* XCRemoteSwiftPackageReference "Then" */;
			productName = Then;
		};
		AF9799AE24E6AAB80067C611 /* Kingfisher */ = {
			isa = XCSwiftPackageProductDependency;
			package = AF9799AD24E6AAB80067C611 /* XCRemoteSwiftPackageReference "Kingfisher" */;
			productName = Kingfisher;
		};
		AF9799B424E6AC650067C611 /* Alamofire */ = {
			isa = XCSwiftPackageProductDependency;
			package = AF9799B324E6AC650067C611 /* XCRemoteSwiftPackageReference "Alamofire" */;
			productName = Alamofire;
		};
/* End XCSwiftPackageProductDependency section */
	};
	rootObject = AF564AA624E56DEA00989F82 /* Project object */;
}
