// !$*UTF8*$!
{
	archiveVersion = 1;
	classes = {
	};
	objectVersion = 52;
	objects = {

/* Begin PBXBuildFile section */
		AF564AB224E56DEA00989F82 /* AppDelegate.swift in Sources */ = {isa = PBXBuildFile; fileRef = AF564AB124E56DEA00989F82 /* AppDelegate.swift */; };
		AF564AB424E56DEA00989F82 /* SceneDelegate.swift in Sources */ = {isa = PBXBuildFile; fileRef = AF564AB324E56DEA00989F82 /* SceneDelegate.swift */; };
		AF564ABB24E56DED00989F82 /* Assets.xcassets in Resources */ = {isa = PBXBuildFile; fileRef = AF564ABA24E56DED00989F82 /* Assets.xcassets */; };
		AF564ABE24E56DED00989F82 /* LaunchScreen.storyboard in Resources */ = {isa = PBXBuildFile; fileRef = AF564ABC24E56DED00989F82 /* LaunchScreen.storyboard */; };
		AF9799A924E6A9EF0067C611 /* SnapKit in Frameworks */ = {isa = PBXBuildFile; productRef = AF9799A824E6A9EF0067C611 /* SnapKit */; };
		AF9799AC24E6AA260067C611 /* Then in Frameworks */ = {isa = PBXBuildFile; productRef = AF9799AB24E6AA260067C611 /* Then */; };
		AF9799AF24E6AAB80067C611 /* Kingfisher in Frameworks */ = {isa = PBXBuildFile; productRef = AF9799AE24E6AAB80067C611 /* Kingfisher */; };
		AF9799B524E6AC650067C611 /* Alamofire in Frameworks */ = {isa = PBXBuildFile; productRef = AF9799B424E6AC650067C611 /* Alamofire */; };
		AF9C3C5C24ECE1270055E7C5 /* MainTBC.swift in Sources */ = {isa = PBXBuildFile; fileRef = AF9C3C5B24ECE1270055E7C5 /* MainTBC.swift */; };
		AF9C3C5F24ECE2050055E7C5 /* Extensions.swift in Sources */ = {isa = PBXBuildFile; fileRef = AF9C3C5E24ECE2050055E7C5 /* Extensions.swift */; };
		AF9C3C6124ECEE850055E7C5 /* HomeVC.swift in Sources */ = {isa = PBXBuildFile; fileRef = AF9C3C6024ECEE850055E7C5 /* HomeVC.swift */; };
		E29ADD5322183B344DF43AE3 /* Pods_martkurly.framework in Frameworks */ = {isa = PBXBuildFile; fileRef = 60C61A08968B012AF1CDDEC8 /* Pods_martkurly.framework */; };
/* End PBXBuildFile section */

/* Begin PBXFileReference section */
		33869669B85EDB88C28F68B0 /* Pods-martkurly.release.xcconfig */ = {isa = PBXFileReference; includeInIndex = 1; lastKnownFileType = text.xcconfig; name = "Pods-martkurly.release.xcconfig"; path = "Target Support Files/Pods-martkurly/Pods-martkurly.release.xcconfig"; sourceTree = "<group>"; };
		60C61A08968B012AF1CDDEC8 /* Pods_martkurly.framework */ = {isa = PBXFileReference; explicitFileType = wrapper.framework; includeInIndex = 0; path = Pods_martkurly.framework; sourceTree = BUILT_PRODUCTS_DIR; };
		6D19B7E14B91C2CC25D34E0C /* Pods-martkurly.debug.xcconfig */ = {isa = PBXFileReference; includeInIndex = 1; lastKnownFileType = text.xcconfig; name = "Pods-martkurly.debug.xcconfig"; path = "Target Support Files/Pods-martkurly/Pods-martkurly.debug.xcconfig"; sourceTree = "<group>"; };
		AF564AAE24E56DEA00989F82 /* martkurly.app */ = {isa = PBXFileReference; explicitFileType = wrapper.application; includeInIndex = 0; path = martkurly.app; sourceTree = BUILT_PRODUCTS_DIR; };
		AF564AB124E56DEA00989F82 /* AppDelegate.swift */ = {isa = PBXFileReference; lastKnownFileType = sourcecode.swift; path = AppDelegate.swift; sourceTree = "<group>"; };
		AF564AB324E56DEA00989F82 /* SceneDelegate.swift */ = {isa = PBXFileReference; lastKnownFileType = sourcecode.swift; path = SceneDelegate.swift; sourceTree = "<group>"; };
		AF564ABA24E56DED00989F82 /* Assets.xcassets */ = {isa = PBXFileReference; lastKnownFileType = folder.assetcatalog; path = Assets.xcassets; sourceTree = "<group>"; };
		AF564ABD24E56DED00989F82 /* Base */ = {isa = PBXFileReference; lastKnownFileType = file.storyboard; name = Base; path = Base.lproj/LaunchScreen.storyboard; sourceTree = "<group>"; };
		AF564ABF24E56DED00989F82 /* Info.plist */ = {isa = PBXFileReference; lastKnownFileType = text.plist.xml; path = Info.plist; sourceTree = "<group>"; };
		AF9C3C5B24ECE1270055E7C5 /* MainTBC.swift */ = {isa = PBXFileReference; lastKnownFileType = sourcecode.swift; path = MainTBC.swift; sourceTree = "<group>"; };
		AF9C3C5E24ECE2050055E7C5 /* Extensions.swift */ = {isa = PBXFileReference; lastKnownFileType = sourcecode.swift; path = Extensions.swift; sourceTree = "<group>"; };
		AF9C3C6024ECEE850055E7C5 /* HomeVC.swift */ = {isa = PBXFileReference; lastKnownFileType = sourcecode.swift; path = HomeVC.swift; sourceTree = "<group>"; };
/* End PBXFileReference section */

/* Begin PBXFrameworksBuildPhase section */
		AF564AAB24E56DEA00989F82 /* Frameworks */ = {
			isa = PBXFrameworksBuildPhase;
			buildActionMask = 2147483647;
			files = (
				AF9799B524E6AC650067C611 /* Alamofire in Frameworks */,
				AF9799AF24E6AAB80067C611 /* Kingfisher in Frameworks */,
				AF9799A924E6A9EF0067C611 /* SnapKit in Frameworks */,
				AF9799AC24E6AA260067C611 /* Then in Frameworks */,
				E29ADD5322183B344DF43AE3 /* Pods_martkurly.framework in Frameworks */,
			);
			runOnlyForDeploymentPostprocessing = 0;
		};
/* End PBXFrameworksBuildPhase section */

/* Begin PBXGroup section */
		AF564AA524E56DEA00989F82 = {
			isa = PBXGroup;
			children = (
				AF564AB024E56DEA00989F82 /* martkurly */,
				AF564AAF24E56DEA00989F82 /* Products */,
				FBBA4763B7DD18B11BC1EE51 /* Pods */,
				DD8EE2CF4E72EAE15F6B33E1 /* Frameworks */,
			);
			sourceTree = "<group>";
		};
		AF564AAF24E56DEA00989F82 /* Products */ = {
			isa = PBXGroup;
			children = (
				AF564AAE24E56DEA00989F82 /* martkurly.app */,
			);
			name = Products;
			sourceTree = "<group>";
		};
		AF564AB024E56DEA00989F82 /* martkurly */ = {
			isa = PBXGroup;
			children = (
				AF564AC624E56EF600989F82 /* Controller */,
				AF9C3C5D24ECE1EC0055E7C5 /* Utils */,
				AF564AC524E56E8100989F82 /* Supporting */,
			);
			path = martkurly;
			sourceTree = "<group>";
		};
		AF564AC524E56E8100989F82 /* Supporting */ = {
			isa = PBXGroup;
			children = (
				AF564AB124E56DEA00989F82 /* AppDelegate.swift */,
				AF564AB324E56DEA00989F82 /* SceneDelegate.swift */,
				AF564ABA24E56DED00989F82 /* Assets.xcassets */,
				AF564ABC24E56DED00989F82 /* LaunchScreen.storyboard */,
				AF564ABF24E56DED00989F82 /* Info.plist */,
			);
			path = Supporting;
			sourceTree = "<group>";
		};
		AF564AC624E56EF600989F82 /* Controller */ = {
			isa = PBXGroup;
			children = (
				AF9C3C5B24ECE1270055E7C5 /* MainTBC.swift */,
				AF9C3C6024ECEE850055E7C5 /* HomeVC.swift */,
			);
			path = Controller;
			sourceTree = "<group>";
		};
		AF9C3C5D24ECE1EC0055E7C5 /* Utils */ = {
			isa = PBXGroup;
			children = (
				AF9C3C5E24ECE2050055E7C5 /* Extensions.swift */,
			);
			path = Utils;
			sourceTree = "<group>";
		};
		DD8EE2CF4E72EAE15F6B33E1 /* Frameworks */ = {
			isa = PBXGroup;
			children = (
				60C61A08968B012AF1CDDEC8 /* Pods_martkurly.framework */,
			);
			name = Frameworks;
			sourceTree = "<group>";
		};
		FBBA4763B7DD18B11BC1EE51 /* Pods */ = {
			isa = PBXGroup;
			children = (
				6D19B7E14B91C2CC25D34E0C /* Pods-martkurly.debug.xcconfig */,
				33869669B85EDB88C28F68B0 /* Pods-martkurly.release.xcconfig */,
			);
			path = Pods;
			sourceTree = "<group>";
		};
/* End PBXGroup section */

/* Begin PBXNativeTarget section */
		AF564AAD24E56DEA00989F82 /* martkurly */ = {
			isa = PBXNativeTarget;
			buildConfigurationList = AF564AC224E56DED00989F82 /* Build configuration list for PBXNativeTarget "martkurly" */;
			buildPhases = (
				7B7D6E61D3462F4EF06FEA13 /* [CP] Check Pods Manifest.lock */,
				AF564AAA24E56DEA00989F82 /* Sources */,
				AF564AAB24E56DEA00989F82 /* Frameworks */,
				AF564AAC24E56DEA00989F82 /* Resources */,
				AF9799B924E6ADD60067C611 /* ShellScript */,
			);
			buildRules = (
			);
			dependencies = (
			);
			name = martkurly;
			packageProductDependencies = (
				AF9799A824E6A9EF0067C611 /* SnapKit */,
				AF9799AB24E6AA260067C611 /* Then */,
				AF9799AE24E6AAB80067C611 /* Kingfisher */,
				AF9799B424E6AC650067C611 /* Alamofire */,
			);
			productName = martkurly;
			productReference = AF564AAE24E56DEA00989F82 /* martkurly.app */;
			productType = "com.apple.product-type.application";
		};
/* End PBXNativeTarget section */

/* Begin PBXProject section */
		AF564AA624E56DEA00989F82 /* Project object */ = {
			isa = PBXProject;
			attributes = {
				LastSwiftUpdateCheck = 1160;
				LastUpgradeCheck = 1160;
				ORGANIZATIONNAME = Team3x3;
				TargetAttributes = {
					AF564AAD24E56DEA00989F82 = {
						CreatedOnToolsVersion = 11.6;
					};
				};
			};
			buildConfigurationList = AF564AA924E56DEA00989F82 /* Build configuration list for PBXProject "martkurly" */;
			compatibilityVersion = "Xcode 9.3";
			developmentRegion = en;
			hasScannedForEncodings = 0;
			knownRegions = (
				en,
				Base,
			);
			mainGroup = AF564AA524E56DEA00989F82;
			packageReferences = (
				AF9799A724E6A9EF0067C611 /* XCRemoteSwiftPackageReference "SnapKit" */,
				AF9799AA24E6AA260067C611 /* XCRemoteSwiftPackageReference "Then" */,
				AF9799AD24E6AAB80067C611 /* XCRemoteSwiftPackageReference "Kingfisher" */,
				AF9799B324E6AC650067C611 /* XCRemoteSwiftPackageReference "Alamofire" */,
			);
			productRefGroup = AF564AAF24E56DEA00989F82 /* Products */;
			projectDirPath = "";
			projectRoot = "";
			targets = (
				AF564AAD24E56DEA00989F82 /* martkurly */,
			);
		};
/* End PBXProject section */

/* Begin PBXResourcesBuildPhase section */
		AF564AAC24E56DEA00989F82 /* Resources */ = {
			isa = PBXResourcesBuildPhase;
			buildActionMask = 2147483647;
			files = (
				AF564ABE24E56DED00989F82 /* LaunchScreen.storyboard in Resources */,
				AF564ABB24E56DED00989F82 /* Assets.xcassets in Resources */,
			);
			runOnlyForDeploymentPostprocessing = 0;
		};
/* End PBXResourcesBuildPhase section */

/* Begin PBXShellScriptBuildPhase section */
		7B7D6E61D3462F4EF06FEA13 /* [CP] Check Pods Manifest.lock */ = {
			isa = PBXShellScriptBuildPhase;
			buildActionMask = 2147483647;
			files = (
			);
			inputFileListPaths = (
			);
			inputPaths = (
				"${PODS_PODFILE_DIR_PATH}/Podfile.lock",
				"${PODS_ROOT}/Manifest.lock",
			);
			name = "[CP] Check Pods Manifest.lock";
			outputFileListPaths = (
			);
			outputPaths = (
				"$(DERIVED_FILE_DIR)/Pods-martkurly-checkManifestLockResult.txt",
			);
			runOnlyForDeploymentPostprocessing = 0;
			shellPath = /bin/sh;
			shellScript = "diff \"${PODS_PODFILE_DIR_PATH}/Podfile.lock\" \"${PODS_ROOT}/Manifest.lock\" > /dev/null\nif [ $? != 0 ] ; then\n    # print error to STDERR\n    echo \"error: The sandbox is not in sync with the Podfile.lock. Run 'pod install' or update your CocoaPods installation.\" >&2\n    exit 1\nfi\n# This output is used by Xcode 'outputs' to avoid re-running this script phase.\necho \"SUCCESS\" > \"${SCRIPT_OUTPUT_FILE_0}\"\n";
			showEnvVarsInLog = 0;
		};
		AF9799B924E6ADD60067C611 /* ShellScript */ = {
			isa = PBXShellScriptBuildPhase;
			buildActionMask = 2147483647;
			files = (
			);
			inputFileListPaths = (
			);
			inputPaths = (
			);
			outputFileListPaths = (
			);
			outputPaths = (
			);
			runOnlyForDeploymentPostprocessing = 0;
			shellPath = /bin/sh;
			shellScript = "${PODS_ROOT}/SwiftLint/swiftlint autocorrect\n";
		};
/* End PBXShellScriptBuildPhase section */

/* Begin PBXSourcesBuildPhase section */
		AF564AAA24E56DEA00989F82 /* Sources */ = {
			isa = PBXSourcesBuildPhase;
			buildActionMask = 2147483647;
			files = (
				AF9C3C5C24ECE1270055E7C5 /* MainTBC.swift in Sources */,
				AF9C3C6124ECEE850055E7C5 /* HomeVC.swift in Sources */,
				AF9C3C5F24ECE2050055E7C5 /* Extensions.swift in Sources */,
				AF564AB224E56DEA00989F82 /* AppDelegate.swift in Sources */,
				AF564AB424E56DEA00989F82 /* SceneDelegate.swift in Sources */,
			);
			runOnlyForDeploymentPostprocessing = 0;
		};
/* End PBXSourcesBuildPhase section */

/* Begin PBXVariantGroup section */
		AF564ABC24E56DED00989F82 /* LaunchScreen.storyboard */ = {
			isa = PBXVariantGroup;
			children = (
				AF564ABD24E56DED00989F82 /* Base */,
			);
			name = LaunchScreen.storyboard;
			sourceTree = "<group>";
		};
/* End PBXVariantGroup section */

/* Begin XCBuildConfiguration section */
		AF564AC024E56DED00989F82 /* Debug */ = {
			isa = XCBuildConfiguration;
			buildSettings = {
				ALWAYS_SEARCH_USER_PATHS = NO;
				CLANG_ANALYZER_NONNULL = YES;
				CLANG_ANALYZER_NUMBER_OBJECT_CONVERSION = YES_AGGRESSIVE;
				CLANG_CXX_LANGUAGE_STANDARD = "gnu++14";
				CLANG_CXX_LIBRARY = "libc++";
				CLANG_ENABLE_MODULES = YES;
				CLANG_ENABLE_OBJC_ARC = YES;
				CLANG_ENABLE_OBJC_WEAK = YES;
				CLANG_WARN_BLOCK_CAPTURE_AUTORELEASING = YES;
				CLANG_WARN_BOOL_CONVERSION = YES;
				CLANG_WARN_COMMA = YES;
				CLANG_WARN_CONSTANT_CONVERSION = YES;
				CLANG_WARN_DEPRECATED_OBJC_IMPLEMENTATIONS = YES;
				CLANG_WARN_DIRECT_OBJC_ISA_USAGE = YES_ERROR;
				CLANG_WARN_DOCUMENTATION_COMMENTS = YES;
				CLANG_WARN_EMPTY_BODY = YES;
				CLANG_WARN_ENUM_CONVERSION = YES;
				CLANG_WARN_INFINITE_RECURSION = YES;
				CLANG_WARN_INT_CONVERSION = YES;
				CLANG_WARN_NON_LITERAL_NULL_CONVERSION = YES;
				CLANG_WARN_OBJC_IMPLICIT_RETAIN_SELF = YES;
				CLANG_WARN_OBJC_LITERAL_CONVERSION = YES;
				CLANG_WARN_OBJC_ROOT_CLASS = YES_ERROR;
				CLANG_WARN_RANGE_LOOP_ANALYSIS = YES;
				CLANG_WARN_STRICT_PROTOTYPES = YES;
				CLANG_WARN_SUSPICIOUS_MOVE = YES;
				CLANG_WARN_UNGUARDED_AVAILABILITY = YES_AGGRESSIVE;
				CLANG_WARN_UNREACHABLE_CODE = YES;
				CLANG_WARN__DUPLICATE_METHOD_MATCH = YES;
				COPY_PHASE_STRIP = NO;
				DEBUG_INFORMATION_FORMAT = dwarf;
				ENABLE_STRICT_OBJC_MSGSEND = YES;
				ENABLE_TESTABILITY = YES;
				GCC_C_LANGUAGE_STANDARD = gnu11;
				GCC_DYNAMIC_NO_PIC = NO;
				GCC_NO_COMMON_BLOCKS = YES;
				GCC_OPTIMIZATION_LEVEL = 0;
				GCC_PREPROCESSOR_DEFINITIONS = (
					"DEBUG=1",
					"$(inherited)",
				);
				GCC_WARN_64_TO_32_BIT_CONVERSION = YES;
				GCC_WARN_ABOUT_RETURN_TYPE = YES_ERROR;
				GCC_WARN_UNDECLARED_SELECTOR = YES;
				GCC_WARN_UNINITIALIZED_AUTOS = YES_AGGRESSIVE;
				GCC_WARN_UNUSED_FUNCTION = YES;
				GCC_WARN_UNUSED_VARIABLE = YES;
				IPHONEOS_DEPLOYMENT_TARGET = 13.0;
				MTL_ENABLE_DEBUG_INFO = INCLUDE_SOURCE;
				MTL_FAST_MATH = YES;
				ONLY_ACTIVE_ARCH = YES;
				SDKROOT = iphoneos;
				SWIFT_ACTIVE_COMPILATION_CONDITIONS = DEBUG;
				SWIFT_OPTIMIZATION_LEVEL = "-Onone";
			};
			name = Debug;
		};
		AF564AC124E56DED00989F82 /* Release */ = {
			isa = XCBuildConfiguration;
			buildSettings = {
				ALWAYS_SEARCH_USER_PATHS = NO;
				CLANG_ANALYZER_NONNULL = YES;
				CLANG_ANALYZER_NUMBER_OBJECT_CONVERSION = YES_AGGRESSIVE;
				CLANG_CXX_LANGUAGE_STANDARD = "gnu++14";
				CLANG_CXX_LIBRARY = "libc++";
				CLANG_ENABLE_MODULES = YES;
				CLANG_ENABLE_OBJC_ARC = YES;
				CLANG_ENABLE_OBJC_WEAK = YES;
				CLANG_WARN_BLOCK_CAPTURE_AUTORELEASING = YES;
				CLANG_WARN_BOOL_CONVERSION = YES;
				CLANG_WARN_COMMA = YES;
				CLANG_WARN_CONSTANT_CONVERSION = YES;
				CLANG_WARN_DEPRECATED_OBJC_IMPLEMENTATIONS = YES;
				CLANG_WARN_DIRECT_OBJC_ISA_USAGE = YES_ERROR;
				CLANG_WARN_DOCUMENTATION_COMMENTS = YES;
				CLANG_WARN_EMPTY_BODY = YES;
				CLANG_WARN_ENUM_CONVERSION = YES;
				CLANG_WARN_INFINITE_RECURSION = YES;
				CLANG_WARN_INT_CONVERSION = YES;
				CLANG_WARN_NON_LITERAL_NULL_CONVERSION = YES;
				CLANG_WARN_OBJC_IMPLICIT_RETAIN_SELF = YES;
				CLANG_WARN_OBJC_LITERAL_CONVERSION = YES;
				CLANG_WARN_OBJC_ROOT_CLASS = YES_ERROR;
				CLANG_WARN_RANGE_LOOP_ANALYSIS = YES;
				CLANG_WARN_STRICT_PROTOTYPES = YES;
				CLANG_WARN_SUSPICIOUS_MOVE = YES;
				CLANG_WARN_UNGUARDED_AVAILABILITY = YES_AGGRESSIVE;
				CLANG_WARN_UNREACHABLE_CODE = YES;
				CLANG_WARN__DUPLICATE_METHOD_MATCH = YES;
				COPY_PHASE_STRIP = NO;
				DEBUG_INFORMATION_FORMAT = "dwarf-with-dsym";
				ENABLE_NS_ASSERTIONS = NO;
				ENABLE_STRICT_OBJC_MSGSEND = YES;
				GCC_C_LANGUAGE_STANDARD = gnu11;
				GCC_NO_COMMON_BLOCKS = YES;
				GCC_WARN_64_TO_32_BIT_CONVERSION = YES;
				GCC_WARN_ABOUT_RETURN_TYPE = YES_ERROR;
				GCC_WARN_UNDECLARED_SELECTOR = YES;
				GCC_WARN_UNINITIALIZED_AUTOS = YES_AGGRESSIVE;
				GCC_WARN_UNUSED_FUNCTION = YES;
				GCC_WARN_UNUSED_VARIABLE = YES;
				IPHONEOS_DEPLOYMENT_TARGET = 13.0;
				MTL_ENABLE_DEBUG_INFO = NO;
				MTL_FAST_MATH = YES;
				SDKROOT = iphoneos;
				SWIFT_COMPILATION_MODE = wholemodule;
				SWIFT_OPTIMIZATION_LEVEL = "-O";
				VALIDATE_PRODUCT = YES;
			};
			name = Release;
		};
		AF564AC324E56DED00989F82 /* Debug */ = {
			isa = XCBuildConfiguration;
			baseConfigurationReference = 6D19B7E14B91C2CC25D34E0C /* Pods-martkurly.debug.xcconfig */;
			buildSettings = {
				ASSETCATALOG_COMPILER_APPICON_NAME = AppIcon;
				CODE_SIGN_IDENTITY = "Apple Development";
				CODE_SIGN_STYLE = Automatic;
				DEVELOPMENT_TEAM = ZLCDRXJTXW;
				INFOPLIST_FILE = martkurly/Supporting/Info.plist;
				IPHONEOS_DEPLOYMENT_TARGET = 13.0;
				LD_RUNPATH_SEARCH_PATHS = (
					"$(inherited)",
					"@executable_path/Frameworks",
				);
				PRODUCT_BUNDLE_IDENTIFIER = com.team3x3.martkurly;
				PRODUCT_NAME = "$(TARGET_NAME)";
				PROVISIONING_PROFILE_SPECIFIER = "";
				SWIFT_VERSION = 5.0;
				TARGETED_DEVICE_FAMILY = 1;
			};
			name = Debug;
		};
		AF564AC424E56DED00989F82 /* Release */ = {
			isa = XCBuildConfiguration;
			baseConfigurationReference = 33869669B85EDB88C28F68B0 /* Pods-martkurly.release.xcconfig */;
			buildSettings = {
				ASSETCATALOG_COMPILER_APPICON_NAME = AppIcon;
				CODE_SIGN_IDENTITY = "Apple Development";
				CODE_SIGN_STYLE = Automatic;
				DEVELOPMENT_TEAM = ZLCDRXJTXW;
				INFOPLIST_FILE = martkurly/Supporting/Info.plist;
				IPHONEOS_DEPLOYMENT_TARGET = 13.0;
				LD_RUNPATH_SEARCH_PATHS = (
					"$(inherited)",
					"@executable_path/Frameworks",
				);
				PRODUCT_BUNDLE_IDENTIFIER = com.team3x3.martkurly;
				PRODUCT_NAME = "$(TARGET_NAME)";
				PROVISIONING_PROFILE_SPECIFIER = "";
				SWIFT_VERSION = 5.0;
				TARGETED_DEVICE_FAMILY = 1;
			};
			name = Release;
		};
/* End XCBuildConfiguration section */

/* Begin XCConfigurationList section */
		AF564AA924E56DEA00989F82 /* Build configuration list for PBXProject "martkurly" */ = {
			isa = XCConfigurationList;
			buildConfigurations = (
				AF564AC024E56DED00989F82 /* Debug */,
				AF564AC124E56DED00989F82 /* Release */,
			);
			defaultConfigurationIsVisible = 0;
			defaultConfigurationName = Release;
		};
		AF564AC224E56DED00989F82 /* Build configuration list for PBXNativeTarget "martkurly" */ = {
			isa = XCConfigurationList;
			buildConfigurations = (
				AF564AC324E56DED00989F82 /* Debug */,
				AF564AC424E56DED00989F82 /* Release */,
			);
			defaultConfigurationIsVisible = 0;
			defaultConfigurationName = Release;
		};
/* End XCConfigurationList section */

/* Begin XCRemoteSwiftPackageReference section */
		AF9799A724E6A9EF0067C611 /* XCRemoteSwiftPackageReference "SnapKit" */ = {
			isa = XCRemoteSwiftPackageReference;
			repositoryURL = "https://github.com/SnapKit/SnapKit.git";
			requirement = {
				kind = upToNextMajorVersion;
				minimumVersion = 5.0.1;
			};
		};
		AF9799AA24E6AA260067C611 /* XCRemoteSwiftPackageReference "Then" */ = {
			isa = XCRemoteSwiftPackageReference;
			repositoryURL = "https://github.com/devxoul/Then.git";
			requirement = {
				kind = upToNextMajorVersion;
				minimumVersion = 2.7.0;
			};
		};
		AF9799AD24E6AAB80067C611 /* XCRemoteSwiftPackageReference "Kingfisher" */ = {
			isa = XCRemoteSwiftPackageReference;
			repositoryURL = "https://github.com/onevcat/Kingfisher.git";
			requirement = {
				kind = upToNextMajorVersion;
				minimumVersion = 5.14.1;
			};
		};
		AF9799B324E6AC650067C611 /* XCRemoteSwiftPackageReference "Alamofire" */ = {
			isa = XCRemoteSwiftPackageReference;
			repositoryURL = "https://github.com/Alamofire/Alamofire.git";
			requirement = {
				kind = upToNextMajorVersion;
				minimumVersion = 5.2.2;
			};
		};
/* End XCRemoteSwiftPackageReference section */

/* Begin XCSwiftPackageProductDependency section */
		AF9799A824E6A9EF0067C611 /* SnapKit */ = {
			isa = XCSwiftPackageProductDependency;
			package = AF9799A724E6A9EF0067C611 /* XCRemoteSwiftPackageReference "SnapKit" */;
			productName = SnapKit;
		};
		AF9799AB24E6AA260067C611 /* Then */ = {
			isa = XCSwiftPackageProductDependency;
			package = AF9799AA24E6AA260067C611 /* XCRemoteSwiftPackageReference "Then" */;
			productName = Then;
		};
		AF9799AE24E6AAB80067C611 /* Kingfisher */ = {
			isa = XCSwiftPackageProductDependency;
			package = AF9799AD24E6AAB80067C611 /* XCRemoteSwiftPackageReference "Kingfisher" */;
			productName = Kingfisher;
		};
		AF9799B424E6AC650067C611 /* Alamofire */ = {
			isa = XCSwiftPackageProductDependency;
			package = AF9799B324E6AC650067C611 /* XCRemoteSwiftPackageReference "Alamofire" */;
			productName = Alamofire;
		};
/* End XCSwiftPackageProductDependency section */
	};
	rootObject = AF564AA624E56DEA00989F82 /* Project object */;
}
